
Microsoft Visual Studio Solution File, Format Version 12.00
# Visual Studio Version 16
VisualStudioVersion = 16.0.31424.327
MinimumVisualStudioVersion = 10.0.40219.1
Project("{FAE04EC0-301F-11D3-BF4B-00C04F79EFBC}") = "FigureCalc", "Artur_Skomarohov_HW2_FigureCalc\FigureCalc.csproj", "{CF92D0D2-85FD-472A-A6C3-52925EC9E09D}"
EndProject
Global
	GlobalSection(SolutionConfigurationPlatforms) = preSolution
		Debug|Any CPU = Debug|Any CPU
		Release|Any CPU = Release|Any CPU
	EndGlobalSection
	GlobalSection(ProjectConfigurationPlatforms) = postSolution
		{CF92D0D2-85FD-472A-A6C3-52925EC9E09D}.Debug|Any CPU.ActiveCfg = Debug|Any CPU
		{CF92D0D2-85FD-472A-A6C3-52925EC9E09D}.Debug|Any CPU.Build.0 = Debug|Any CPU
		{CF92D0D2-85FD-472A-A6C3-52925EC9E09D}.Release|Any CPU.ActiveCfg = Release|Any CPU
		{CF92D0D2-85FD-472A-A6C3-52925EC9E09D}.Release|Any CPU.Build.0 = Release|Any CPU
	EndGlobalSection
	GlobalSection(SolutionProperties) = preSolution
		HideSolutionNode = FALSE
	EndGlobalSection
	GlobalSection(ExtensibilityGlobals) = postSolution
		SolutionGuid = {2A979C95-6A18-4E99-A6DA-590462FC50A3}
	EndGlobalSection
EndGlobal
